
Microsoft Visual Studio Solution File, Format Version 9.00
# Visual Studio 2005
Project("{8BC9CEB8-8B4A-11D0-8D11-00A0C91BC942}") = "MenuTest", "MenuTest.vcproj", "{B48597D3-CA6A-427A-902A-84635F96E022}"
EndProject
Global
	GlobalSection(SolutionConfigurationPlatforms) = preSolution
		Debug|Win32 = Debug|Win32
		Release|Win32 = Release|Win32
	EndGlobalSection
	GlobalSection(ProjectConfigurationPlatforms) = postSolution
		{B48597D3-CA6A-427A-902A-84635F96E022}.Debug|Win32.ActiveCfg = Debug|Win32
		{B48597D3-CA6A-427A-902A-84635F96E022}.Debug|Win32.Build.0 = Debug|Win32
		{B48597D3-CA6A-427A-902A-84635F96E022}.Release|Win32.ActiveCfg = Release|Win32
		{B48597D3-CA6A-427A-902A-84635F96E022}.Release|Win32.Build.0 = Release|Win32
	EndGlobalSection
	GlobalSection(SolutionProperties) = preSolution
		HideSolutionNode = FALSE
	EndGlobalSection
EndGlobal
